
Microsoft Visual Studio Solution File, Format Version 12.00
# Visual Studio 14
VisualStudioVersion = 14.0.25420.1
MinimumVisualStudioVersion = 10.0.40219.1
Project("{FAE04EC0-301F-11D3-BF4B-00C04F79EFBC}") = "ExcelToDB_AutoTest", "ExcelToDB_AutoTest\ExcelToDB_AutoTest.csproj", "{B82298F6-9B47-40AB-B97E-E6FF6CC3B397}"
EndProject
Project("{FAE04EC0-301F-11D3-BF4B-00C04F79EFBC}") = "ExcelToDb_AutoTest.TEST", "ExcelToDb_AutoTest.TEST\ExcelToDb_AutoTest.TEST.csproj", "{909763A1-C0A5-43A1-A669-CF196BF17884}"
EndProject
Global
	GlobalSection(SolutionConfigurationPlatforms) = preSolution
		Debug|Any CPU = Debug|Any CPU
		Release|Any CPU = Release|Any CPU
	EndGlobalSection
	GlobalSection(ProjectConfigurationPlatforms) = postSolution
		{B82298F6-9B47-40AB-B97E-E6FF6CC3B397}.Debug|Any CPU.ActiveCfg = Debug|Any CPU
		{B82298F6-9B47-40AB-B97E-E6FF6CC3B397}.Debug|Any CPU.Build.0 = Debug|Any CPU
		{B82298F6-9B47-40AB-B97E-E6FF6CC3B397}.Release|Any CPU.ActiveCfg = Release|Any CPU
		{B82298F6-9B47-40AB-B97E-E6FF6CC3B397}.Release|Any CPU.Build.0 = Release|Any CPU
		{909763A1-C0A5-43A1-A669-CF196BF17884}.Debug|Any CPU.ActiveCfg = Debug|Any CPU
		{909763A1-C0A5-43A1-A669-CF196BF17884}.Debug|Any CPU.Build.0 = Debug|Any CPU
		{909763A1-C0A5-43A1-A669-CF196BF17884}.Release|Any CPU.ActiveCfg = Release|Any CPU
		{909763A1-C0A5-43A1-A669-CF196BF17884}.Release|Any CPU.Build.0 = Release|Any CPU
	EndGlobalSection
	GlobalSection(SolutionProperties) = preSolution
		HideSolutionNode = FALSE
	EndGlobalSection
EndGlobal
